
Microsoft Visual Studio Solution File, Format Version 11.00
# Visual Studio 2010
Project("{8BC9CEB8-8B4A-11D0-8D11-00A0C91BC942}") = "licecap_cli", "licecap_cli.vcxproj", "{AD3E2CED-A962-5F10-3E99-AEB141934B8C}"
	ProjectSection(ProjectDependencies) = postProject
		{75F8B18F-3EAB-3436-57DD-1FDB92E660A3} = {75F8B18F-3EAB-3436-57DD-1FDB92E660A3}
	EndProjectSection
EndProject
Project("{8BC9CEB8-8B4A-11D0-8D11-00A0C91BC942}") = "licecap_gui", "licecap_gui.vcxproj", "{75F8B18F-3EAB-3436-57DD-1FDB92E660A3}"
EndProject
Global
	GlobalSection(SolutionConfigurationPlatforms) = preSolution
		Debug|Win32 = Debug|Win32
		Release|Win32 = Release|Win32
		Template|Win32 = Template|Win32
	EndGlobalSection
	GlobalSection(ProjectConfigurationPlatforms) = postSolution
		{AD3E2CED-A962-5F10-3E99-AEB141934B8C}.Debug|Win32.ActiveCfg = Debug|Win32
		{AD3E2CED-A962-5F10-3E99-AEB141934B8C}.Debug|Win32.Build.0 = Debug|Win32
		{AD3E2CED-A962-5F10-3E99-AEB141934B8C}.Release|Win32.ActiveCfg = Release|Win32
		{AD3E2CED-A962-5F10-3E99-AEB141934B8C}.Release|Win32.Build.0 = Release|Win32
		{AD3E2CED-A962-5F10-3E99-AEB141934B8C}.Template|Win32.ActiveCfg = Release|Win32
		{AD3E2CED-A962-5F10-3E99-AEB141934B8C}.Template|Win32.Build.0 = Release|Win32
		{75F8B18F-3EAB-3436-57DD-1FDB92E660A3}.Debug|Win32.ActiveCfg = Debug|Win32
		{75F8B18F-3EAB-3436-57DD-1FDB92E660A3}.Debug|Win32.Build.0 = Debug|Win32
		{75F8B18F-3EAB-3436-57DD-1FDB92E660A3}.Release|Win32.ActiveCfg = Release|Win32
		{75F8B18F-3EAB-3436-57DD-1FDB92E660A3}.Release|Win32.Build.0 = Release|Win32
		{75F8B18F-3EAB-3436-57DD-1FDB92E660A3}.Template|Win32.ActiveCfg = Template|Win32
		{75F8B18F-3EAB-3436-57DD-1FDB92E660A3}.Template|Win32.Build.0 = Template|Win32
	EndGlobalSection
	GlobalSection(SolutionProperties) = preSolution
		HideSolutionNode = FALSE
	EndGlobalSection
EndGlobal
