
Microsoft Visual Studio Solution File, Format Version 11.00
# Visual Studio 2010
Project("{8BC9CEB8-8B4A-11D0-8D11-00A0C91BC942}") = "licecap_cli", "licecap_cli.vcxproj", "{5D371EBB-D76C-6547-8A20-C214125D6C70}"
	ProjectSection(ProjectDependencies) = postProject
		{A6D995CB-BA0D-9768-1805-A2B1A3A12F5E} = {A6D995CB-BA0D-9768-1805-A2B1A3A12F5E}
	EndProjectSection
EndProject
Project("{8BC9CEB8-8B4A-11D0-8D11-00A0C91BC942}") = "licecap_gui", "licecap_gui.vcxproj", "{A6D995CB-BA0D-9768-1805-A2B1A3A12F5E}"
EndProject
Global
	GlobalSection(SolutionConfigurationPlatforms) = preSolution
		Debug|Win32 = Debug|Win32
		Release|Win32 = Release|Win32
		Template|Win32 = Template|Win32
	EndGlobalSection
	GlobalSection(ProjectConfigurationPlatforms) = postSolution
		{5D371EBB-D76C-6547-8A20-C214125D6C70}.Debug|Win32.ActiveCfg = Debug|Win32
		{5D371EBB-D76C-6547-8A20-C214125D6C70}.Debug|Win32.Build.0 = Debug|Win32
		{5D371EBB-D76C-6547-8A20-C214125D6C70}.Release|Win32.ActiveCfg = Release|Win32
		{5D371EBB-D76C-6547-8A20-C214125D6C70}.Release|Win32.Build.0 = Release|Win32
		{5D371EBB-D76C-6547-8A20-C214125D6C70}.Template|Win32.ActiveCfg = Release|Win32
		{5D371EBB-D76C-6547-8A20-C214125D6C70}.Template|Win32.Build.0 = Release|Win32
		{A6D995CB-BA0D-9768-1805-A2B1A3A12F5E}.Debug|Win32.ActiveCfg = Debug|Win32
		{A6D995CB-BA0D-9768-1805-A2B1A3A12F5E}.Debug|Win32.Build.0 = Debug|Win32
		{A6D995CB-BA0D-9768-1805-A2B1A3A12F5E}.Release|Win32.ActiveCfg = Release|Win32
		{A6D995CB-BA0D-9768-1805-A2B1A3A12F5E}.Release|Win32.Build.0 = Release|Win32
		{A6D995CB-BA0D-9768-1805-A2B1A3A12F5E}.Template|Win32.ActiveCfg = Template|Win32
		{A6D995CB-BA0D-9768-1805-A2B1A3A12F5E}.Template|Win32.Build.0 = Template|Win32
	EndGlobalSection
	GlobalSection(SolutionProperties) = preSolution
		HideSolutionNode = FALSE
	EndGlobalSection
EndGlobal
